
Microsoft Visual Studio Solution File, Format Version 12.00
# Visual Studio 15
VisualStudioVersion = 15.0.27703.2047
MinimumVisualStudioVersion = 10.0.40219.1
Project("{FAE04EC0-301F-11D3-BF4B-00C04F79EFBC}") = "QaAutomationSecondExam", "QaAutomationSecondExam\QaAutomationSecondExam.csproj", "{47FEDA12-F507-4551-9AE0-A0427729CDA4}"
EndProject
Global
	GlobalSection(SolutionConfigurationPlatforms) = preSolution
		Debug|Any CPU = Debug|Any CPU
		Release|Any CPU = Release|Any CPU
	EndGlobalSection
	GlobalSection(ProjectConfigurationPlatforms) = postSolution
		{47FEDA12-F507-4551-9AE0-A0427729CDA4}.Debug|Any CPU.ActiveCfg = Debug|Any CPU
		{47FEDA12-F507-4551-9AE0-A0427729CDA4}.Debug|Any CPU.Build.0 = Debug|Any CPU
		{47FEDA12-F507-4551-9AE0-A0427729CDA4}.Release|Any CPU.ActiveCfg = Release|Any CPU
		{47FEDA12-F507-4551-9AE0-A0427729CDA4}.Release|Any CPU.Build.0 = Release|Any CPU
	EndGlobalSection
	GlobalSection(SolutionProperties) = preSolution
		HideSolutionNode = FALSE
	EndGlobalSection
	GlobalSection(ExtensibilityGlobals) = postSolution
		SolutionGuid = {04BEFC68-C07F-435F-B0DE-5CD882E7C5EE}
	EndGlobalSection
EndGlobal
